
Microsoft Visual Studio Solution File, Format Version 12.00
# Visual Studio Version 17
VisualStudioVersion = 17.14.36705.20 d17.14
MinimumVisualStudioVersion = 10.0.40219.1
Project("{FAE04EC0-301F-11D3-BF4B-00C04F79EFBC}") = "WhackAMole", "WhackAMole\WhackAMole.csproj", "{91A85BD4-7979-4320-A04A-2BFC8685AE89}"
EndProject
Global
	GlobalSection(SolutionConfigurationPlatforms) = preSolution
		Debug|Any CPU = Debug|Any CPU
		Release|Any CPU = Release|Any CPU
	EndGlobalSection
	GlobalSection(ProjectConfigurationPlatforms) = postSolution
		{91A85BD4-7979-4320-A04A-2BFC8685AE89}.Debug|Any CPU.ActiveCfg = Debug|Any CPU
		{91A85BD4-7979-4320-A04A-2BFC8685AE89}.Debug|Any CPU.Build.0 = Debug|Any CPU
		{91A85BD4-7979-4320-A04A-2BFC8685AE89}.Release|Any CPU.ActiveCfg = Release|Any CPU
		{91A85BD4-7979-4320-A04A-2BFC8685AE89}.Release|Any CPU.Build.0 = Release|Any CPU
	EndGlobalSection
	GlobalSection(SolutionProperties) = preSolution
		HideSolutionNode = FALSE
	EndGlobalSection
	GlobalSection(ExtensibilityGlobals) = postSolution
		SolutionGuid = {652FDC20-AEF0-4A0A-9574-2C292FB39640}
	EndGlobalSection
EndGlobal
