
Microsoft Visual Studio Solution File, Format Version 12.00
# Visual Studio Version 17
VisualStudioVersion = 17.14.36603.0
MinimumVisualStudioVersion = 10.0.40219.1
Project("{FAE04EC0-301F-11D3-BF4B-00C04F79EFBC}") = "ChessBoardClassLibrary", "ChessBoardClassLibrary\ChessBoardClassLibrary.csproj", "{37C674D5-C432-4994-801D-EE2C6177CB03}"
EndProject
Project("{FAE04EC0-301F-11D3-BF4B-00C04F79EFBC}") = "ChessBoardClassLibrary.Tests", "ChessBoardClassLibrary.Tests\ChessBoardClassLibrary.Tests.csproj", "{A2EE1CA0-FB58-4C50-93FF-2F379A471233}"
EndProject
Project("{FAE04EC0-301F-11D3-BF4B-00C04F79EFBC}") = "ChessBoardConsoleApp", "ChessBoardConsoleApp\ChessBoardConsoleApp.csproj", "{506B2280-5CE2-4C50-AC64-3F70733F1021}"
EndProject
Global
	GlobalSection(SolutionConfigurationPlatforms) = preSolution
		Debug|Any CPU = Debug|Any CPU
		Release|Any CPU = Release|Any CPU
	EndGlobalSection
	GlobalSection(ProjectConfigurationPlatforms) = postSolution
		{37C674D5-C432-4994-801D-EE2C6177CB03}.Debug|Any CPU.ActiveCfg = Debug|Any CPU
		{37C674D5-C432-4994-801D-EE2C6177CB03}.Debug|Any CPU.Build.0 = Debug|Any CPU
		{37C674D5-C432-4994-801D-EE2C6177CB03}.Release|Any CPU.ActiveCfg = Release|Any CPU
		{37C674D5-C432-4994-801D-EE2C6177CB03}.Release|Any CPU.Build.0 = Release|Any CPU
		{A2EE1CA0-FB58-4C50-93FF-2F379A471233}.Debug|Any CPU.ActiveCfg = Debug|Any CPU
		{A2EE1CA0-FB58-4C50-93FF-2F379A471233}.Debug|Any CPU.Build.0 = Debug|Any CPU
		{A2EE1CA0-FB58-4C50-93FF-2F379A471233}.Release|Any CPU.ActiveCfg = Release|Any CPU
		{A2EE1CA0-FB58-4C50-93FF-2F379A471233}.Release|Any CPU.Build.0 = Release|Any CPU
		{506B2280-5CE2-4C50-AC64-3F70733F1021}.Debug|Any CPU.ActiveCfg = Debug|Any CPU
		{506B2280-5CE2-4C50-AC64-3F70733F1021}.Debug|Any CPU.Build.0 = Debug|Any CPU
		{506B2280-5CE2-4C50-AC64-3F70733F1021}.Release|Any CPU.ActiveCfg = Release|Any CPU
		{506B2280-5CE2-4C50-AC64-3F70733F1021}.Release|Any CPU.Build.0 = Release|Any CPU
	EndGlobalSection
	GlobalSection(SolutionProperties) = preSolution
		HideSolutionNode = FALSE
	EndGlobalSection
	GlobalSection(ExtensibilityGlobals) = postSolution
		SolutionGuid = {2D221736-B3A3-479F-BF73-1074598E64C5}
	EndGlobalSection
EndGlobal
